<?xml version="1.0" encoding="utf-8"?>
<Project ToolsVersion="4.0" xmlns="http://schemas.microsoft.com/developer/msbuild/2003">
  <ItemGroup>
    <Filter Include="Source Files">
      <UniqueIdentifier>{4FC737F1-C7A5-4376-A066-2A32D752A2FF}</UniqueIdentifier>
      <Extensions>cpp;c;cc;cxx;c++;cppm;ixx;def;odl;idl;hpj;bat;asm;asmx</Extensions>
    </Filter>
    <Filter Include="Header Files">
      <UniqueIdentifier>{93995380-89BD-4b04-88EB-625FBE52EBFB}</UniqueIdentifier>
      <Extensions>h;hh;hpp;hxx;h++;hm;inl;inc;ipp;xsd</Extensions>
    </Filter>
    <Filter Include="Resource Files">
      <UniqueIdentifier>{67DA6AB6-F800-4c08-8B7A-83BB121AAD01}</UniqueIdentifier>
      <Extensions>rc;ico;cur;bmp;dlg;rc2;rct;bin;rgs;gif;jpg;jpeg;jpe;resx;tiff;tif;png;wav;mfcribbon-ms</Extensions>
    </Filter>
    <Filter Include="Resource Files\libs">
      <UniqueIdentifier>{783669ed-5168-4dd7-97b7-a168e206a901}</UniqueIdentifier>
    </Filter>
    <Filter Include="Resource Files\graphics">
      <UniqueIdentifier>{2baafc3a-882c-45a0-9766-457773bbc532}</UniqueIdentifier>
    </Filter>
    <Filter Include="Resource Files\sculpture">
      <UniqueIdentifier>{a67b8658-0f7b-4c18-b6ac-4661b4ee5098}</UniqueIdentifier>
    </Filter>
    <Filter Include="Resource Files\math">
      <UniqueIdentifier>{e82a818b-ea6b-4f09-ad6e-fed4e8d236b1}</UniqueIdentifier>
    </Filter>
    <Filter Include="Resource Files\math\Header FIles">
      <UniqueIdentifier>{e5b8b1cc-9495-4bc6-b260-d2336bab2b11}</UniqueIdentifier>
    </Filter>
    <Filter Include="Resource Files\math\Source Files">
      <UniqueIdentifier>{d46446e9-2d37-4101-954e-6723db6e11d6}</UniqueIdentifier>
    </Filter>
    <Filter Include="Resource Files\sculpture\Header Files">
      <UniqueIdentifier>{cecd8346-0ab4-4c31-bd38-54f03f143cf7}</UniqueIdentifier>
    </Filter>
    <Filter Include="Resource Files\sculpture\Source Files">
      <UniqueIdentifier>{f3848aa7-2fb1-44c5-81bc-4f25a1c567bf}</UniqueIdentifier>
    </Filter>
    <Filter Include="Main">
      <UniqueIdentifier>{817460c6-3af6-4df6-8167-991e3055d448}</UniqueIdentifier>
    </Filter>
    <Filter Include="Resource Files\graphics\Header FIles">
      <UniqueIdentifier>{50c840af-5ec2-4429-a5fa-7b18447cde85}</UniqueIdentifier>
    </Filter>
    <Filter Include="Resource Files\graphics\Source Files">
      <UniqueIdentifier>{3630e12c-61cb-471f-a535-fca17149a0de}</UniqueIdentifier>
    </Filter>
  </ItemGroup>
  <ItemGroup>
    <ClCompile Include="Render.cpp">
      <Filter>Source Files</Filter>
    </ClCompile>
    <ClCompile Include="Perspective.cpp">
      <Filter>Source Files</Filter>
    </ClCompile>
    <ClCompile Include="Orientation.cpp">
      <Filter>Resource Files\math\Source Files</Filter>
    </ClCompile>
    <ClCompile Include="Rotation.cpp">
      <Filter>Resource Files\math\Source Files</Filter>
    </ClCompile>
    <ClCompile Include="SpaceVector.cpp">
      <Filter>Resource Files\math\Source Files</Filter>
    </ClCompile>
    <ClCompile Include="PlascelData.h">
      <Filter>Resource Files\sculpture\Header Files</Filter>
    </ClCompile>
    <ClCompile Include="PlaneSculptureElement.cpp">
      <Filter>Resource Files\sculpture\Source Files</Filter>
    </ClCompile>
    <ClCompile Include="RectangularSculptureElement.cpp">
      <Filter>Resource Files\sculpture\Source Files</Filter>
    </ClCompile>
    <ClCompile Include="Sculpture.cpp">
      <Filter>Resource Files\sculpture\Source Files</Filter>
    </ClCompile>
    <ClCompile Include="TriangularSculptureElement.cpp">
      <Filter>Resource Files\sculpture\Source Files</Filter>
    </ClCompile>
    <ClCompile Include="Main.cpp">
      <Filter>Main</Filter>
    </ClCompile>
    <ClCompile Include="Image.cpp">
      <Filter>Resource Files\graphics\Source Files</Filter>
    </ClCompile>
    <ClCompile Include="SpriteImage.cpp">
      <Filter>Resource Files\graphics\Source Files</Filter>
    </ClCompile>
    <ClCompile Include="Matrix.cpp">
      <Filter>Resource Files\math\Source Files</Filter>
    </ClCompile>
  </ItemGroup>
  <ItemGroup>
    <ClInclude Include="SpaceVector.h">
      <Filter>Resource Files\math\Header FIles</Filter>
    </ClInclude>
    <ClInclude Include="Perspective.h">
      <Filter>Header Files</Filter>
    </ClInclude>
    <ClInclude Include="Matrix.h">
      <Filter>Resource Files\math\Header FIles</Filter>
    </ClInclude>
    <ClInclude Include="Orientation.h">
      <Filter>Resource Files\math\Header FIles</Filter>
    </ClInclude>
    <ClInclude Include="Rotation.h">
      <Filter>Resource Files\math\Header FIles</Filter>
    </ClInclude>
    <ClInclude Include="Sculpture.h">
      <Filter>Resource Files\sculpture\Header Files</Filter>
    </ClInclude>
    <ClInclude Include="SculptureElement.h">
      <Filter>Resource Files\sculpture\Header Files</Filter>
    </ClInclude>
    <ClInclude Include="TriangularSculptureElement.h">
      <Filter>Resource Files\sculpture\Header Files</Filter>
    </ClInclude>
    <ClInclude Include="RectangularSculptureElement.h">
      <Filter>Resource Files\sculpture\Header Files</Filter>
    </ClInclude>
    <ClInclude Include="PlaneSculptureElement.h">
      <Filter>Resource Files\sculpture\Header Files</Filter>
    </ClInclude>
    <ClInclude Include="Render.h">
      <Filter>Header Files</Filter>
    </ClInclude>
    <ClInclude Include="Color.h">
      <Filter>Resource Files\graphics\Header FIles</Filter>
    </ClInclude>
    <ClInclude Include="Image.h">
      <Filter>Resource Files\graphics\Header FIles</Filter>
    </ClInclude>
    <ClInclude Include="PixelPoint.h">
      <Filter>Resource Files\graphics\Header FIles</Filter>
    </ClInclude>
    <ClInclude Include="SpriteImage.h">
      <Filter>Resource Files\graphics\Header FIles</Filter>
    </ClInclude>
  </ItemGroup>
  <ItemGroup>
    <Library Include="..\..\..\AppData\Local\SFML-2.6.1\lib\sfml-graphics.lib">
      <Filter>Resource Files\libs</Filter>
    </Library>
    <Library Include="..\..\..\AppData\Local\SFML-2.6.1\lib\sfml-system.lib">
      <Filter>Resource Files\libs</Filter>
    </Library>
    <Library Include="..\..\..\AppData\Local\SFML-2.6.1\lib\sfml-window.lib">
      <Filter>Resource Files\libs</Filter>
    </Library>
  </ItemGroup>
</Project>